// !$*UTF8*$!
{
	archiveVersion = 1;
	classes = {
	};
	objectVersion = 56;
	objects = {

/* Begin PBXBuildFile section */
		6C476D4329EBD47600614EE5 /* BeFakef1App.swift in Sources */ = {isa = PBXBuildFile; fileRef = 6C476D4229EBD47600614EE5 /* BeFakef1App.swift */; };
		6C476D4729EBD47900614EE5 /* Assets.xcassets in Resources */ = {isa = PBXBuildFile; fileRef = 6C476D4629EBD47900614EE5 /* Assets.xcassets */; };
		6C476D4A29EBD47900614EE5 /* Preview Assets.xcassets in Resources */ = {isa = PBXBuildFile; fileRef = 6C476D4929EBD47900614EE5 /* Preview Assets.xcassets */; };
		6C476D5429EBD47900614EE5 /* BeFakef1Tests.swift in Sources */ = {isa = PBXBuildFile; fileRef = 6C476D5329EBD47900614EE5 /* BeFakef1Tests.swift */; };
		6C476D5E29EBD47900614EE5 /* BeFakef1UITests.swift in Sources */ = {isa = PBXBuildFile; fileRef = 6C476D5D29EBD47900614EE5 /* BeFakef1UITests.swift */; };
		6C476D6029EBD47900614EE5 /* BeFakef1UITestsLaunchTests.swift in Sources */ = {isa = PBXBuildFile; fileRef = 6C476D5F29EBD47900614EE5 /* BeFakef1UITestsLaunchTests.swift */; };
		6C476D6D29EBD57D00614EE5 /* GoogleService-Info.plist in Resources */ = {isa = PBXBuildFile; fileRef = 6C476D6C29EBD57D00614EE5 /* GoogleService-Info.plist */; };
		6C476D8C29ECC20A00614EE5 /* LoginView.swift in Sources */ = {isa = PBXBuildFile; fileRef = 6C476D8B29ECC20A00614EE5 /* LoginView.swift */; };
		6C476D9729EDD70700614EE5 /* RegisterView.swift in Sources */ = {isa = PBXBuildFile; fileRef = 6C476D9629EDD70700614EE5 /* RegisterView.swift */; };
		6C476D9A29EDD78E00614EE5 /* View_Extensions.swift in Sources */ = {isa = PBXBuildFile; fileRef = 6C476D9929EDD78E00614EE5 /* View_Extensions.swift */; };
		6C476D9C29EDD89600614EE5 /* MainView.swift in Sources */ = {isa = PBXBuildFile; fileRef = 6C476D9B29EDD89600614EE5 /* MainView.swift */; };
		6C476D9F29EDDB0B00614EE5 /* ProfileView.swift in Sources */ = {isa = PBXBuildFile; fileRef = 6C476D9E29EDDB0B00614EE5 /* ProfileView.swift */; };
		6C476DA129EDEB8900614EE5 /* ReusableProfileContent.swift in Sources */ = {isa = PBXBuildFile; fileRef = 6C476DA029EDEB8900614EE5 /* ReusableProfileContent.swift */; };
		6C476DA429EDEDD800614EE5 /* SDWebImageSwiftUI in Frameworks */ = {isa = PBXBuildFile; productRef = 6C476DA329EDEDD800614EE5 /* SDWebImageSwiftUI */; };
		6C53300329FDBF7100E4BA23 /* CreateNewPost.swift in Sources */ = {isa = PBXBuildFile; fileRef = 6C53300229FDBF7100E4BA23 /* CreateNewPost.swift */; };
		6C5330092A01AE0800E4BA23 /* PostsView.swift in Sources */ = {isa = PBXBuildFile; fileRef = 6C5330082A01AE0700E4BA23 /* PostsView.swift */; };
		6C71BB9A2A03742D00C666C2 /* ReusablePostView.swift in Sources */ = {isa = PBXBuildFile; fileRef = 6C71BB992A03742D00C666C2 /* ReusablePostView.swift */; };
		6C71BB9C2A03806700C666C2 /* PostCardView.swift in Sources */ = {isa = PBXBuildFile; fileRef = 6C71BB9B2A03806700C666C2 /* PostCardView.swift */; };
		6C71BBA72A04DF3C00C666C2 /* Photo.swift in Sources */ = {isa = PBXBuildFile; fileRef = 6C71BBA62A04DF3C00C666C2 /* Photo.swift */; };
		6C71BBA92A04EDF900C666C2 /* APIContentView.swift in Sources */ = {isa = PBXBuildFile; fileRef = 6C71BBA82A04EDF900C666C2 /* APIContentView.swift */; };
		CF918B8C2A156E79007177E7 /* UserNotific.swift in Sources */ = {isa = PBXBuildFile; fileRef = CF918B8B2A156E79007177E7 /* UserNotific.swift */; };
		CFA6DA912A1212180044F78E /* ContentView.swift in Sources */ = {isa = PBXBuildFile; fileRef = CFA6DA902A1212180044F78E /* ContentView.swift */; };
		CFA6DA932A12122B0044F78E /* LoadingView.swift in Sources */ = {isa = PBXBuildFile; fileRef = CFA6DA922A12122B0044F78E /* LoadingView.swift */; };
		CFA6DA972A12125C0044F78E /* User.swift in Sources */ = {isa = PBXBuildFile; fileRef = CFA6DA952A12125C0044F78E /* User.swift */; };
		CFA6DA982A12125C0044F78E /* Post.swift in Sources */ = {isa = PBXBuildFile; fileRef = CFA6DA962A12125C0044F78E /* Post.swift */; };
		CFB988A02A135179000E9EA6 /* FirebaseAuth in Frameworks */ = {isa = PBXBuildFile; productRef = CFB9889F2A135179000E9EA6 /* FirebaseAuth */; };
		CFB988A22A135179000E9EA6 /* FirebaseFirestore in Frameworks */ = {isa = PBXBuildFile; productRef = CFB988A12A135179000E9EA6 /* FirebaseFirestore */; };
		CFB988A42A135179000E9EA6 /* FirebaseFirestoreSwift in Frameworks */ = {isa = PBXBuildFile; productRef = CFB988A32A135179000E9EA6 /* FirebaseFirestoreSwift */; };
		CFB988A62A135179000E9EA6 /* FirebaseStorage in Frameworks */ = {isa = PBXBuildFile; productRef = CFB988A52A135179000E9EA6 /* FirebaseStorage */; };
/* End PBXBuildFile section */

/* Begin PBXContainerItemProxy section */
		6C476D5029EBD47900614EE5 /* PBXContainerItemProxy */ = {
			isa = PBXContainerItemProxy;
			containerPortal = 6C476D3729EBD47600614EE5 /* Project object */;
			proxyType = 1;
			remoteGlobalIDString = 6C476D3E29EBD47600614EE5;
			remoteInfo = BeFakef1;
		};
		6C476D5A29EBD47900614EE5 /* PBXContainerItemProxy */ = {
			isa = PBXContainerItemProxy;
			containerPortal = 6C476D3729EBD47600614EE5 /* Project object */;
			proxyType = 1;
			remoteGlobalIDString = 6C476D3E29EBD47600614EE5;
			remoteInfo = BeFakef1;
		};
/* End PBXContainerItemProxy section */

/* Begin PBXFileReference section */
		6C476D3F29EBD47600614EE5 /* BeFakef1.app */ = {isa = PBXFileReference; explicitFileType = wrapper.application; includeInIndex = 0; path = BeFakef1.app; sourceTree = BUILT_PRODUCTS_DIR; };
		6C476D4229EBD47600614EE5 /* BeFakef1App.swift */ = {isa = PBXFileReference; lastKnownFileType = sourcecode.swift; path = BeFakef1App.swift; sourceTree = "<group>"; };
		6C476D4629EBD47900614EE5 /* Assets.xcassets */ = {isa = PBXFileReference; lastKnownFileType = folder.assetcatalog; path = Assets.xcassets; sourceTree = "<group>"; };
		6C476D4929EBD47900614EE5 /* Preview Assets.xcassets */ = {isa = PBXFileReference; lastKnownFileType = folder.assetcatalog; path = "Preview Assets.xcassets"; sourceTree = "<group>"; };
		6C476D4F29EBD47900614EE5 /* BeFakef1Tests.xctest */ = {isa = PBXFileReference; explicitFileType = wrapper.cfbundle; includeInIndex = 0; path = BeFakef1Tests.xctest; sourceTree = BUILT_PRODUCTS_DIR; };
		6C476D5329EBD47900614EE5 /* BeFakef1Tests.swift */ = {isa = PBXFileReference; lastKnownFileType = sourcecode.swift; path = BeFakef1Tests.swift; sourceTree = "<group>"; };
		6C476D5929EBD47900614EE5 /* BeFakef1UITests.xctest */ = {isa = PBXFileReference; explicitFileType = wrapper.cfbundle; includeInIndex = 0; path = BeFakef1UITests.xctest; sourceTree = BUILT_PRODUCTS_DIR; };
		6C476D5D29EBD47900614EE5 /* BeFakef1UITests.swift */ = {isa = PBXFileReference; lastKnownFileType = sourcecode.swift; path = BeFakef1UITests.swift; sourceTree = "<group>"; };
		6C476D5F29EBD47900614EE5 /* BeFakef1UITestsLaunchTests.swift */ = {isa = PBXFileReference; lastKnownFileType = sourcecode.swift; path = BeFakef1UITestsLaunchTests.swift; sourceTree = "<group>"; };
		6C476D6C29EBD57D00614EE5 /* GoogleService-Info.plist */ = {isa = PBXFileReference; fileEncoding = 4; lastKnownFileType = text.plist.xml; name = "GoogleService-Info.plist"; path = "../../GoogleService-Info.plist"; sourceTree = "<group>"; };
		6C476D7129EC767100614EE5 /* FirebaseCore */ = {isa = PBXFileReference; lastKnownFileType = folder; name = FirebaseCore; path = "../../../Library/Developer/Xcode/DerivedData/BeFakef1-grqihcvxnjkzbtecelpilcbnjpnx/SourcePackages/checkouts/firebase-ios-sdk/FirebaseCore"; sourceTree = "<group>"; };
		6C476D8B29ECC20A00614EE5 /* LoginView.swift */ = {isa = PBXFileReference; lastKnownFileType = sourcecode.swift; path = LoginView.swift; sourceTree = "<group>"; };
		6C476D9629EDD70700614EE5 /* RegisterView.swift */ = {isa = PBXFileReference; lastKnownFileType = sourcecode.swift; path = RegisterView.swift; sourceTree = "<group>"; };
		6C476D9929EDD78E00614EE5 /* View_Extensions.swift */ = {isa = PBXFileReference; lastKnownFileType = sourcecode.swift; path = View_Extensions.swift; sourceTree = "<group>"; };
		6C476D9B29EDD89600614EE5 /* MainView.swift */ = {isa = PBXFileReference; lastKnownFileType = sourcecode.swift; path = MainView.swift; sourceTree = "<group>"; };
		6C476D9E29EDDB0B00614EE5 /* ProfileView.swift */ = {isa = PBXFileReference; lastKnownFileType = sourcecode.swift; path = ProfileView.swift; sourceTree = "<group>"; };
		6C476DA029EDEB8900614EE5 /* ReusableProfileContent.swift */ = {isa = PBXFileReference; lastKnownFileType = sourcecode.swift; path = ReusableProfileContent.swift; sourceTree = "<group>"; };
		6C53300229FDBF7100E4BA23 /* CreateNewPost.swift */ = {isa = PBXFileReference; lastKnownFileType = sourcecode.swift; path = CreateNewPost.swift; sourceTree = "<group>"; };
		6C5330082A01AE0700E4BA23 /* PostsView.swift */ = {isa = PBXFileReference; lastKnownFileType = sourcecode.swift; path = PostsView.swift; sourceTree = "<group>"; };
		6C71BB992A03742D00C666C2 /* ReusablePostView.swift */ = {isa = PBXFileReference; lastKnownFileType = sourcecode.swift; path = ReusablePostView.swift; sourceTree = "<group>"; };
		6C71BB9B2A03806700C666C2 /* PostCardView.swift */ = {isa = PBXFileReference; lastKnownFileType = sourcecode.swift; path = PostCardView.swift; sourceTree = "<group>"; };
		6C71BBA62A04DF3C00C666C2 /* Photo.swift */ = {isa = PBXFileReference; lastKnownFileType = sourcecode.swift; path = Photo.swift; sourceTree = "<group>"; };
		6C71BBA82A04EDF900C666C2 /* APIContentView.swift */ = {isa = PBXFileReference; lastKnownFileType = sourcecode.swift; path = APIContentView.swift; sourceTree = "<group>"; };
		CF918B8B2A156E79007177E7 /* UserNotific.swift */ = {isa = PBXFileReference; lastKnownFileType = sourcecode.swift; path = UserNotific.swift; sourceTree = "<group>"; };
		CFA6DA902A1212180044F78E /* ContentView.swift */ = {isa = PBXFileReference; fileEncoding = 4; lastKnownFileType = sourcecode.swift; name = ContentView.swift; path = BeFakef1/Views/ContentView.swift; sourceTree = SOURCE_ROOT; };
		CFA6DA922A12122B0044F78E /* LoadingView.swift */ = {isa = PBXFileReference; fileEncoding = 4; lastKnownFileType = sourcecode.swift; name = LoadingView.swift; path = "BeFakef1/Views /LoadingView.swift"; sourceTree = SOURCE_ROOT; };
		CFA6DA952A12125C0044F78E /* User.swift */ = {isa = PBXFileReference; fileEncoding = 4; lastKnownFileType = sourcecode.swift; path = User.swift; sourceTree = "<group>"; };
		CFA6DA962A12125C0044F78E /* Post.swift */ = {isa = PBXFileReference; fileEncoding = 4; lastKnownFileType = sourcecode.swift; path = Post.swift; sourceTree = "<group>"; };
/* End PBXFileReference section */

/* Begin PBXFrameworksBuildPhase section */
		6C476D3C29EBD47600614EE5 /* Frameworks */ = {
			isa = PBXFrameworksBuildPhase;
			buildActionMask = 2147483647;
			files = (
				6C476DA429EDEDD800614EE5 /* SDWebImageSwiftUI in Frameworks */,
				CFB988A02A135179000E9EA6 /* FirebaseAuth in Frameworks */,
				CFB988A22A135179000E9EA6 /* FirebaseFirestore in Frameworks */,
				CFB988A62A135179000E9EA6 /* FirebaseStorage in Frameworks */,
				CFB988A42A135179000E9EA6 /* FirebaseFirestoreSwift in Frameworks */,
			);
			runOnlyForDeploymentPostprocessing = 0;
		};
		6C476D4C29EBD47900614EE5 /* Frameworks */ = {
			isa = PBXFrameworksBuildPhase;
			buildActionMask = 2147483647;
			files = (
			);
			runOnlyForDeploymentPostprocessing = 0;
		};
		6C476D5629EBD47900614EE5 /* Frameworks */ = {
			isa = PBXFrameworksBuildPhase;
			buildActionMask = 2147483647;
			files = (
			);
			runOnlyForDeploymentPostprocessing = 0;
		};
/* End PBXFrameworksBuildPhase section */

/* Begin PBXGroup section */
		6C476D3629EBD47600614EE5 = {
			isa = PBXGroup;
			children = (
				6C476D4129EBD47600614EE5 /* BeFakef1 */,
				6C476D5229EBD47900614EE5 /* BeFakef1Tests */,
				6C476D5C29EBD47900614EE5 /* BeFakef1UITests */,
				6C476D4029EBD47600614EE5 /* Products */,
				6C476D7029EC767000614EE5 /* Frameworks */,
			);
			sourceTree = "<group>";
		};
		6C476D4029EBD47600614EE5 /* Products */ = {
			isa = PBXGroup;
			children = (
				6C476D3F29EBD47600614EE5 /* BeFakef1.app */,
				6C476D4F29EBD47900614EE5 /* BeFakef1Tests.xctest */,
				6C476D5929EBD47900614EE5 /* BeFakef1UITests.xctest */,
			);
			name = Products;
			sourceTree = "<group>";
		};
		6C476D4129EBD47600614EE5 /* BeFakef1 */ = {
			isa = PBXGroup;
			children = (
				6C476D4229EBD47600614EE5 /* BeFakef1App.swift */,
				6C476D8A29ECC1EB00614EE5 /* Views  */,
				CFA6DA942A12125C0044F78E /* Model */,
				6C476D4629EBD47900614EE5 /* Assets.xcassets */,
				6C476D6C29EBD57D00614EE5 /* GoogleService-Info.plist */,
				6C476D4829EBD47900614EE5 /* Preview Content */,
			);
			path = BeFakef1;
			sourceTree = "<group>";
		};
		6C476D4829EBD47900614EE5 /* Preview Content */ = {
			isa = PBXGroup;
			children = (
				6C476D4929EBD47900614EE5 /* Preview Assets.xcassets */,
			);
			path = "Preview Content";
			sourceTree = "<group>";
		};
		6C476D5229EBD47900614EE5 /* BeFakef1Tests */ = {
			isa = PBXGroup;
			children = (
				6C476D5329EBD47900614EE5 /* BeFakef1Tests.swift */,
			);
			path = BeFakef1Tests;
			sourceTree = "<group>";
		};
		6C476D5C29EBD47900614EE5 /* BeFakef1UITests */ = {
			isa = PBXGroup;
			children = (
				6C476D5D29EBD47900614EE5 /* BeFakef1UITests.swift */,
				6C476D5F29EBD47900614EE5 /* BeFakef1UITestsLaunchTests.swift */,
			);
			path = BeFakef1UITests;
			sourceTree = "<group>";
		};
		6C476D7029EC767000614EE5 /* Frameworks */ = {
			isa = PBXGroup;
			children = (
				6C476D7129EC767100614EE5 /* FirebaseCore */,
			);
			name = Frameworks;
			sourceTree = "<group>";
		};
		6C476D8A29ECC1EB00614EE5 /* Views  */ = {
			isa = PBXGroup;
			children = (
				6C476D9D29EDD89D00614EE5 /* MainView */,
				6C476D9529EDD6E600614EE5 /* Login */,
				6C476D9829EDD76100614EE5 /* Helpers */,
				CFA6DA902A1212180044F78E /* ContentView.swift */,
				CFA6DA922A12122B0044F78E /* LoadingView.swift */,
			);
			path = "Views ";
			sourceTree = "<group>";
		};
		6C476D9529EDD6E600614EE5 /* Login */ = {
			isa = PBXGroup;
			children = (
				6C476D8B29ECC20A00614EE5 /* LoginView.swift */,
				6C476D9629EDD70700614EE5 /* RegisterView.swift */,
			);
			path = Login;
			sourceTree = "<group>";
		};
		6C476D9829EDD76100614EE5 /* Helpers */ = {
			isa = PBXGroup;
			children = (
				6C476D9929EDD78E00614EE5 /* View_Extensions.swift */,
			);
			path = Helpers;
			sourceTree = "<group>";
		};
		6C476D9D29EDD89D00614EE5 /* MainView */ = {
			isa = PBXGroup;
			children = (
				6C476D9B29EDD89600614EE5 /* MainView.swift */,
				CF918B8B2A156E79007177E7 /* UserNotific.swift */,
				6C476D9E29EDDB0B00614EE5 /* ProfileView.swift */,
				6C53300229FDBF7100E4BA23 /* CreateNewPost.swift */,
				6C5330082A01AE0700E4BA23 /* PostsView.swift */,
				6C71BB992A03742D00C666C2 /* ReusablePostView.swift */,
				6C476DA029EDEB8900614EE5 /* ReusableProfileContent.swift */,
				6C71BBA82A04EDF900C666C2 /* APIContentView.swift */,
				6C71BBA62A04DF3C00C666C2 /* Photo.swift */,
				6C71BB9B2A03806700C666C2 /* PostCardView.swift */,
			);
			path = MainView;
			sourceTree = "<group>";
		};
		CFA6DA942A12125C0044F78E /* Model */ = {
			isa = PBXGroup;
			children = (
				CFA6DA952A12125C0044F78E /* User.swift */,
				CFA6DA962A12125C0044F78E /* Post.swift */,
			);
			path = Model;
			sourceTree = "<group>";
		};
/* End PBXGroup section */

/* Begin PBXNativeTarget section */
		6C476D3E29EBD47600614EE5 /* BeFakef1 */ = {
			isa = PBXNativeTarget;
			buildConfigurationList = 6C476D6329EBD47900614EE5 /* Build configuration list for PBXNativeTarget "BeFakef1" */;
			buildPhases = (
				6C476D3B29EBD47600614EE5 /* Sources */,
				6C476D3C29EBD47600614EE5 /* Frameworks */,
				6C476D3D29EBD47600614EE5 /* Resources */,
			);
			buildRules = (
			);
			dependencies = (
			);
			name = BeFakef1;
			packageProductDependencies = (
				6C476DA329EDEDD800614EE5 /* SDWebImageSwiftUI */,
				CFB9889F2A135179000E9EA6 /* FirebaseAuth */,
				CFB988A12A135179000E9EA6 /* FirebaseFirestore */,
				CFB988A32A135179000E9EA6 /* FirebaseFirestoreSwift */,
				CFB988A52A135179000E9EA6 /* FirebaseStorage */,
			);
			productName = BeFakef1;
			productReference = 6C476D3F29EBD47600614EE5 /* BeFakef1.app */;
			productType = "com.apple.product-type.application";
		};
		6C476D4E29EBD47900614EE5 /* BeFakef1Tests */ = {
			isa = PBXNativeTarget;
			buildConfigurationList = 6C476D6629EBD47900614EE5 /* Build configuration list for PBXNativeTarget "BeFakef1Tests" */;
			buildPhases = (
				6C476D4B29EBD47900614EE5 /* Sources */,
				6C476D4C29EBD47900614EE5 /* Frameworks */,
				6C476D4D29EBD47900614EE5 /* Resources */,
			);
			buildRules = (
			);
			dependencies = (
				6C476D5129EBD47900614EE5 /* PBXTargetDependency */,
			);
			name = BeFakef1Tests;
			productName = BeFakef1Tests;
			productReference = 6C476D4F29EBD47900614EE5 /* BeFakef1Tests.xctest */;
			productType = "com.apple.product-type.bundle.unit-test";
		};
		6C476D5829EBD47900614EE5 /* BeFakef1UITests */ = {
			isa = PBXNativeTarget;
			buildConfigurationList = 6C476D6929EBD47900614EE5 /* Build configuration list for PBXNativeTarget "BeFakef1UITests" */;
			buildPhases = (
				6C476D5529EBD47900614EE5 /* Sources */,
				6C476D5629EBD47900614EE5 /* Frameworks */,
				6C476D5729EBD47900614EE5 /* Resources */,
			);
			buildRules = (
			);
			dependencies = (
				6C476D5B29EBD47900614EE5 /* PBXTargetDependency */,
			);
			name = BeFakef1UITests;
			productName = BeFakef1UITests;
			productReference = 6C476D5929EBD47900614EE5 /* BeFakef1UITests.xctest */;
			productType = "com.apple.product-type.bundle.ui-testing";
		};
/* End PBXNativeTarget section */

/* Begin PBXProject section */
		6C476D3729EBD47600614EE5 /* Project object */ = {
			isa = PBXProject;
			attributes = {
				BuildIndependentTargetsInParallel = 1;
				LastSwiftUpdateCheck = 1430;
				LastUpgradeCheck = 1430;
				TargetAttributes = {
					6C476D3E29EBD47600614EE5 = {
						CreatedOnToolsVersion = 14.3;
					};
					6C476D4E29EBD47900614EE5 = {
						CreatedOnToolsVersion = 14.3;
						TestTargetID = 6C476D3E29EBD47600614EE5;
					};
					6C476D5829EBD47900614EE5 = {
						CreatedOnToolsVersion = 14.3;
						TestTargetID = 6C476D3E29EBD47600614EE5;
					};
				};
			};
			buildConfigurationList = 6C476D3A29EBD47600614EE5 /* Build configuration list for PBXProject "BeFakef1" */;
			compatibilityVersion = "Xcode 14.0";
			developmentRegion = en;
			hasScannedForEncodings = 0;
			knownRegions = (
				en,
				Base,
			);
			mainGroup = 6C476D3629EBD47600614EE5;
			packageReferences = (
				6C476D8829ECAC8B00614EE5 /* XCRemoteSwiftPackageReference "FirebaseUI-iOS" */,
				6C476DA229EDEDD700614EE5 /* XCRemoteSwiftPackageReference "SDWebImageSwiftUI" */,
				6C71BB9F2A04DC4A00C666C2 /* XCRemoteSwiftPackageReference "unsplash-photopicker-ios" */,
				CFB9889E2A135179000E9EA6 /* XCRemoteSwiftPackageReference "firebase-ios-sdk" */,
			);
			productRefGroup = 6C476D4029EBD47600614EE5 /* Products */;
			projectDirPath = "";
			projectRoot = "";
			targets = (
				6C476D3E29EBD47600614EE5 /* BeFakef1 */,
				6C476D4E29EBD47900614EE5 /* BeFakef1Tests */,
				6C476D5829EBD47900614EE5 /* BeFakef1UITests */,
			);
		};
/* End PBXProject section */

/* Begin PBXResourcesBuildPhase section */
		6C476D3D29EBD47600614EE5 /* Resources */ = {
			isa = PBXResourcesBuildPhase;
			buildActionMask = 2147483647;
			files = (
				6C476D4A29EBD47900614EE5 /* Preview Assets.xcassets in Resources */,
				6C476D4729EBD47900614EE5 /* Assets.xcassets in Resources */,
				6C476D6D29EBD57D00614EE5 /* GoogleService-Info.plist in Resources */,
			);
			runOnlyForDeploymentPostprocessing = 0;
		};
		6C476D4D29EBD47900614EE5 /* Resources */ = {
			isa = PBXResourcesBuildPhase;
			buildActionMask = 2147483647;
			files = (
			);
			runOnlyForDeploymentPostprocessing = 0;
		};
		6C476D5729EBD47900614EE5 /* Resources */ = {
			isa = PBXResourcesBuildPhase;
			buildActionMask = 2147483647;
			files = (
			);
			runOnlyForDeploymentPostprocessing = 0;
		};
/* End PBXResourcesBuildPhase section */

/* Begin PBXSourcesBuildPhase section */
		6C476D3B29EBD47600614EE5 /* Sources */ = {
			isa = PBXSourcesBuildPhase;
			buildActionMask = 2147483647;
			files = (
				6C476D8C29ECC20A00614EE5 /* LoginView.swift in Sources */,
				6C476D9F29EDDB0B00614EE5 /* ProfileView.swift in Sources */,
				6C476DA129EDEB8900614EE5 /* ReusableProfileContent.swift in Sources */,
				CFA6DA932A12122B0044F78E /* LoadingView.swift in Sources */,
				6C476D9C29EDD89600614EE5 /* MainView.swift in Sources */,
				6C71BB9A2A03742D00C666C2 /* ReusablePostView.swift in Sources */,
				6C476D4329EBD47600614EE5 /* BeFakef1App.swift in Sources */,
				CFA6DA912A1212180044F78E /* ContentView.swift in Sources */,
				6C476D9A29EDD78E00614EE5 /* View_Extensions.swift in Sources */,
				6C71BBA92A04EDF900C666C2 /* APIContentView.swift in Sources */,
				6C53300329FDBF7100E4BA23 /* CreateNewPost.swift in Sources */,
				6C5330092A01AE0800E4BA23 /* PostsView.swift in Sources */,
				6C476D9729EDD70700614EE5 /* RegisterView.swift in Sources */,
				CF918B8C2A156E79007177E7 /* UserNotific.swift in Sources */,
				CFA6DA972A12125C0044F78E /* User.swift in Sources */,
				6C71BB9C2A03806700C666C2 /* PostCardView.swift in Sources */,
				CFA6DA982A12125C0044F78E /* Post.swift in Sources */,
				6C71BBA72A04DF3C00C666C2 /* Photo.swift in Sources */,
			);
			runOnlyForDeploymentPostprocessing = 0;
		};
		6C476D4B29EBD47900614EE5 /* Sources */ = {
			isa = PBXSourcesBuildPhase;
			buildActionMask = 2147483647;
			files = (
				6C476D5429EBD47900614EE5 /* BeFakef1Tests.swift in Sources */,
			);
			runOnlyForDeploymentPostprocessing = 0;
		};
		6C476D5529EBD47900614EE5 /* Sources */ = {
			isa = PBXSourcesBuildPhase;
			buildActionMask = 2147483647;
			files = (
				6C476D6029EBD47900614EE5 /* BeFakef1UITestsLaunchTests.swift in Sources */,
				6C476D5E29EBD47900614EE5 /* BeFakef1UITests.swift in Sources */,
			);
			runOnlyForDeploymentPostprocessing = 0;
		};
/* End PBXSourcesBuildPhase section */

/* Begin PBXTargetDependency section */
		6C476D5129EBD47900614EE5 /* PBXTargetDependency */ = {
			isa = PBXTargetDependency;
			target = 6C476D3E29EBD47600614EE5 /* BeFakef1 */;
			targetProxy = 6C476D5029EBD47900614EE5 /* PBXContainerItemProxy */;
		};
		6C476D5B29EBD47900614EE5 /* PBXTargetDependency */ = {
			isa = PBXTargetDependency;
			target = 6C476D3E29EBD47600614EE5 /* BeFakef1 */;
			targetProxy = 6C476D5A29EBD47900614EE5 /* PBXContainerItemProxy */;
		};
/* End PBXTargetDependency section */

/* Begin XCBuildConfiguration section */
		6C476D6129EBD47900614EE5 /* Debug */ = {
			isa = XCBuildConfiguration;
			buildSettings = {
				ALWAYS_SEARCH_USER_PATHS = NO;
				CLANG_ANALYZER_NONNULL = YES;
				CLANG_ANALYZER_NUMBER_OBJECT_CONVERSION = YES_AGGRESSIVE;
				CLANG_CXX_LANGUAGE_STANDARD = "gnu++20";
				CLANG_ENABLE_MODULES = YES;
				CLANG_ENABLE_OBJC_ARC = YES;
				CLANG_ENABLE_OBJC_WEAK = YES;
				CLANG_WARN_BLOCK_CAPTURE_AUTORELEASING = YES;
				CLANG_WARN_BOOL_CONVERSION = YES;
				CLANG_WARN_COMMA = YES;
				CLANG_WARN_CONSTANT_CONVERSION = YES;
				CLANG_WARN_DEPRECATED_OBJC_IMPLEMENTATIONS = YES;
				CLANG_WARN_DIRECT_OBJC_ISA_USAGE = YES_ERROR;
				CLANG_WARN_DOCUMENTATION_COMMENTS = YES;
				CLANG_WARN_EMPTY_BODY = YES;
				CLANG_WARN_ENUM_CONVERSION = YES;
				CLANG_WARN_INFINITE_RECURSION = YES;
				CLANG_WARN_INT_CONVERSION = YES;
				CLANG_WARN_NON_LITERAL_NULL_CONVERSION = YES;
				CLANG_WARN_OBJC_IMPLICIT_RETAIN_SELF = YES;
				CLANG_WARN_OBJC_LITERAL_CONVERSION = YES;
				CLANG_WARN_OBJC_ROOT_CLASS = YES_ERROR;
				CLANG_WARN_QUOTED_INCLUDE_IN_FRAMEWORK_HEADER = YES;
				CLANG_WARN_RANGE_LOOP_ANALYSIS = YES;
				CLANG_WARN_STRICT_PROTOTYPES = YES;
				CLANG_WARN_SUSPICIOUS_MOVE = YES;
				CLANG_WARN_UNGUARDED_AVAILABILITY = YES_AGGRESSIVE;
				CLANG_WARN_UNREACHABLE_CODE = YES;
				CLANG_WARN__DUPLICATE_METHOD_MATCH = YES;
				COPY_PHASE_STRIP = NO;
				DEBUG_INFORMATION_FORMAT = dwarf;
				ENABLE_STRICT_OBJC_MSGSEND = YES;
				ENABLE_TESTABILITY = YES;
				GCC_C_LANGUAGE_STANDARD = gnu11;
				GCC_DYNAMIC_NO_PIC = NO;
				GCC_NO_COMMON_BLOCKS = YES;
				GCC_OPTIMIZATION_LEVEL = 0;
				GCC_PREPROCESSOR_DEFINITIONS = (
					"DEBUG=1",
					"$(inherited)",
				);
				GCC_WARN_64_TO_32_BIT_CONVERSION = YES;
				GCC_WARN_ABOUT_RETURN_TYPE = YES_ERROR;
				GCC_WARN_UNDECLARED_SELECTOR = YES;
				GCC_WARN_UNINITIALIZED_AUTOS = YES_AGGRESSIVE;
				GCC_WARN_UNUSED_FUNCTION = YES;
				GCC_WARN_UNUSED_VARIABLE = YES;
				IPHONEOS_DEPLOYMENT_TARGET = 16.4;
				MTL_ENABLE_DEBUG_INFO = INCLUDE_SOURCE;
				MTL_FAST_MATH = YES;
				ONLY_ACTIVE_ARCH = YES;
				SDKROOT = iphoneos;
				SWIFT_ACTIVE_COMPILATION_CONDITIONS = DEBUG;
				SWIFT_OPTIMIZATION_LEVEL = "-Onone";
			};
			name = Debug;
		};
		6C476D6229EBD47900614EE5 /* Release */ = {
			isa = XCBuildConfiguration;
			buildSettings = {
				ALWAYS_SEARCH_USER_PATHS = NO;
				CLANG_ANALYZER_NONNULL = YES;
				CLANG_ANALYZER_NUMBER_OBJECT_CONVERSION = YES_AGGRESSIVE;
				CLANG_CXX_LANGUAGE_STANDARD = "gnu++20";
				CLANG_ENABLE_MODULES = YES;
				CLANG_ENABLE_OBJC_ARC = YES;
				CLANG_ENABLE_OBJC_WEAK = YES;
				CLANG_WARN_BLOCK_CAPTURE_AUTORELEASING = YES;
				CLANG_WARN_BOOL_CONVERSION = YES;
				CLANG_WARN_COMMA = YES;
				CLANG_WARN_CONSTANT_CONVERSION = YES;
				CLANG_WARN_DEPRECATED_OBJC_IMPLEMENTATIONS = YES;
				CLANG_WARN_DIRECT_OBJC_ISA_USAGE = YES_ERROR;
				CLANG_WARN_DOCUMENTATION_COMMENTS = YES;
				CLANG_WARN_EMPTY_BODY = YES;
				CLANG_WARN_ENUM_CONVERSION = YES;
				CLANG_WARN_INFINITE_RECURSION = YES;
				CLANG_WARN_INT_CONVERSION = YES;
				CLANG_WARN_NON_LITERAL_NULL_CONVERSION = YES;
				CLANG_WARN_OBJC_IMPLICIT_RETAIN_SELF = YES;
				CLANG_WARN_OBJC_LITERAL_CONVERSION = YES;
				CLANG_WARN_OBJC_ROOT_CLASS = YES_ERROR;
				CLANG_WARN_QUOTED_INCLUDE_IN_FRAMEWORK_HEADER = YES;
				CLANG_WARN_RANGE_LOOP_ANALYSIS = YES;
				CLANG_WARN_STRICT_PROTOTYPES = YES;
				CLANG_WARN_SUSPICIOUS_MOVE = YES;
				CLANG_WARN_UNGUARDED_AVAILABILITY = YES_AGGRESSIVE;
				CLANG_WARN_UNREACHABLE_CODE = YES;
				CLANG_WARN__DUPLICATE_METHOD_MATCH = YES;
				COPY_PHASE_STRIP = NO;
				DEBUG_INFORMATION_FORMAT = "dwarf-with-dsym";
				ENABLE_NS_ASSERTIONS = NO;
				ENABLE_STRICT_OBJC_MSGSEND = YES;
				GCC_C_LANGUAGE_STANDARD = gnu11;
				GCC_NO_COMMON_BLOCKS = YES;
				GCC_WARN_64_TO_32_BIT_CONVERSION = YES;
				GCC_WARN_ABOUT_RETURN_TYPE = YES_ERROR;
				GCC_WARN_UNDECLARED_SELECTOR = YES;
				GCC_WARN_UNINITIALIZED_AUTOS = YES_AGGRESSIVE;
				GCC_WARN_UNUSED_FUNCTION = YES;
				GCC_WARN_UNUSED_VARIABLE = YES;
				IPHONEOS_DEPLOYMENT_TARGET = 16.4;
				MTL_ENABLE_DEBUG_INFO = NO;
				MTL_FAST_MATH = YES;
				SDKROOT = iphoneos;
				SWIFT_COMPILATION_MODE = wholemodule;
				SWIFT_OPTIMIZATION_LEVEL = "-O";
				VALIDATE_PRODUCT = YES;
			};
			name = Release;
		};
		6C476D6429EBD47900614EE5 /* Debug */ = {
			isa = XCBuildConfiguration;
			buildSettings = {
				ASSETCATALOG_COMPILER_APPICON_NAME = AppIcon;
				ASSETCATALOG_COMPILER_GLOBAL_ACCENT_COLOR_NAME = AccentColor;
				CODE_SIGN_STYLE = Automatic;
				CURRENT_PROJECT_VERSION = 1;
				DEVELOPMENT_ASSET_PATHS = "BeFakef1/Preview\\ Content";
				ENABLE_PREVIEWS = YES;
				GENERATE_INFOPLIST_FILE = YES;
				INFOPLIST_KEY_UIApplicationSceneManifest_Generation = YES;
				INFOPLIST_KEY_UIApplicationSupportsIndirectInputEvents = YES;
				INFOPLIST_KEY_UILaunchScreen_Generation = YES;
				INFOPLIST_KEY_UISupportedInterfaceOrientations_iPad = "UIInterfaceOrientationPortrait UIInterfaceOrientationPortraitUpsideDown UIInterfaceOrientationLandscapeLeft UIInterfaceOrientationLandscapeRight";
				INFOPLIST_KEY_UISupportedInterfaceOrientations_iPhone = "UIInterfaceOrientationPortrait UIInterfaceOrientationLandscapeLeft UIInterfaceOrientationLandscapeRight";
				LD_RUNPATH_SEARCH_PATHS = (
					"$(inherited)",
					"@executable_path/Frameworks",
				);
				MARKETING_VERSION = 1.0;
				PRODUCT_BUNDLE_IDENTIFIER = edu.lmu.befakefromscratch.BeFakef1;
				PRODUCT_NAME = "$(TARGET_NAME)";
				SWIFT_EMIT_LOC_STRINGS = YES;
				SWIFT_VERSION = 5.0;
				TARGETED_DEVICE_FAMILY = "1,2";
			};
			name = Debug;
		};
		6C476D6529EBD47900614EE5 /* Release */ = {
			isa = XCBuildConfiguration;
			buildSettings = {
				ASSETCATALOG_COMPILER_APPICON_NAME = AppIcon;
				ASSETCATALOG_COMPILER_GLOBAL_ACCENT_COLOR_NAME = AccentColor;
				CODE_SIGN_STYLE = Automatic;
				CURRENT_PROJECT_VERSION = 1;
				DEVELOPMENT_ASSET_PATHS = "BeFakef1/Preview\\ Content";
				ENABLE_PREVIEWS = YES;
				GENERATE_INFOPLIST_FILE = YES;
				INFOPLIST_KEY_UIApplicationSceneManifest_Generation = YES;
				INFOPLIST_KEY_UIApplicationSupportsIndirectInputEvents = YES;
				INFOPLIST_KEY_UILaunchScreen_Generation = YES;
				INFOPLIST_KEY_UISupportedInterfaceOrientations_iPad = "UIInterfaceOrientationPortrait UIInterfaceOrientationPortraitUpsideDown UIInterfaceOrientationLandscapeLeft UIInterfaceOrientationLandscapeRight";
				INFOPLIST_KEY_UISupportedInterfaceOrientations_iPhone = "UIInterfaceOrientationPortrait UIInterfaceOrientationLandscapeLeft UIInterfaceOrientationLandscapeRight";
				LD_RUNPATH_SEARCH_PATHS = (
					"$(inherited)",
					"@executable_path/Frameworks",
				);
				MARKETING_VERSION = 1.0;
				PRODUCT_BUNDLE_IDENTIFIER = edu.lmu.befakefromscratch.BeFakef1;
				PRODUCT_NAME = "$(TARGET_NAME)";
				SWIFT_EMIT_LOC_STRINGS = YES;
				SWIFT_VERSION = 5.0;
				TARGETED_DEVICE_FAMILY = "1,2";
			};
			name = Release;
		};
		6C476D6729EBD47900614EE5 /* Debug */ = {
			isa = XCBuildConfiguration;
			buildSettings = {
				ALWAYS_EMBED_SWIFT_STANDARD_LIBRARIES = YES;
				BUNDLE_LOADER = "$(TEST_HOST)";
				CODE_SIGN_STYLE = Automatic;
				CURRENT_PROJECT_VERSION = 1;
				GENERATE_INFOPLIST_FILE = YES;
				IPHONEOS_DEPLOYMENT_TARGET = 16.4;
				MARKETING_VERSION = 1.0;
				PRODUCT_BUNDLE_IDENTIFIER = edu.lmu.befakefromscratch.BeFakef1Tests;
				PRODUCT_NAME = "$(TARGET_NAME)";
				SWIFT_EMIT_LOC_STRINGS = NO;
				SWIFT_VERSION = 5.0;
				TARGETED_DEVICE_FAMILY = "1,2";
				TEST_HOST = "$(BUILT_PRODUCTS_DIR)/BeFakef1.app/$(BUNDLE_EXECUTABLE_FOLDER_PATH)/BeFakef1";
			};
			name = Debug;
		};
		6C476D6829EBD47900614EE5 /* Release */ = {
			isa = XCBuildConfiguration;
			buildSettings = {
				ALWAYS_EMBED_SWIFT_STANDARD_LIBRARIES = YES;
				BUNDLE_LOADER = "$(TEST_HOST)";
				CODE_SIGN_STYLE = Automatic;
				CURRENT_PROJECT_VERSION = 1;
				GENERATE_INFOPLIST_FILE = YES;
				IPHONEOS_DEPLOYMENT_TARGET = 16.4;
				MARKETING_VERSION = 1.0;
				PRODUCT_BUNDLE_IDENTIFIER = edu.lmu.befakefromscratch.BeFakef1Tests;
				PRODUCT_NAME = "$(TARGET_NAME)";
				SWIFT_EMIT_LOC_STRINGS = NO;
				SWIFT_VERSION = 5.0;
				TARGETED_DEVICE_FAMILY = "1,2";
				TEST_HOST = "$(BUILT_PRODUCTS_DIR)/BeFakef1.app/$(BUNDLE_EXECUTABLE_FOLDER_PATH)/BeFakef1";
			};
			name = Release;
		};
		6C476D6A29EBD47900614EE5 /* Debug */ = {
			isa = XCBuildConfiguration;
			buildSettings = {
				ALWAYS_EMBED_SWIFT_STANDARD_LIBRARIES = YES;
				CODE_SIGN_STYLE = Automatic;
				CURRENT_PROJECT_VERSION = 1;
				GENERATE_INFOPLIST_FILE = YES;
				MARKETING_VERSION = 1.0;
				PRODUCT_BUNDLE_IDENTIFIER = edu.lmu.befakefromscratch.BeFakef1UITests;
				PRODUCT_NAME = "$(TARGET_NAME)";
				SWIFT_EMIT_LOC_STRINGS = NO;
				SWIFT_VERSION = 5.0;
				TARGETED_DEVICE_FAMILY = "1,2";
				TEST_TARGET_NAME = BeFakef1;
			};
			name = Debug;
		};
		6C476D6B29EBD47900614EE5 /* Release */ = {
			isa = XCBuildConfiguration;
			buildSettings = {
				ALWAYS_EMBED_SWIFT_STANDARD_LIBRARIES = YES;
				CODE_SIGN_STYLE = Automatic;
				CURRENT_PROJECT_VERSION = 1;
				GENERATE_INFOPLIST_FILE = YES;
				MARKETING_VERSION = 1.0;
				PRODUCT_BUNDLE_IDENTIFIER = edu.lmu.befakefromscratch.BeFakef1UITests;
				PRODUCT_NAME = "$(TARGET_NAME)";
				SWIFT_EMIT_LOC_STRINGS = NO;
				SWIFT_VERSION = 5.0;
				TARGETED_DEVICE_FAMILY = "1,2";
				TEST_TARGET_NAME = BeFakef1;
			};
			name = Release;
		};
/* End XCBuildConfiguration section */

/* Begin XCConfigurationList section */
		6C476D3A29EBD47600614EE5 /* Build configuration list for PBXProject "BeFakef1" */ = {
			isa = XCConfigurationList;
			buildConfigurations = (
				6C476D6129EBD47900614EE5 /* Debug */,
				6C476D6229EBD47900614EE5 /* Release */,
			);
			defaultConfigurationIsVisible = 0;
			defaultConfigurationName = Release;
		};
		6C476D6329EBD47900614EE5 /* Build configuration list for PBXNativeTarget "BeFakef1" */ = {
			isa = XCConfigurationList;
			buildConfigurations = (
				6C476D6429EBD47900614EE5 /* Debug */,
				6C476D6529EBD47900614EE5 /* Release */,
			);
			defaultConfigurationIsVisible = 0;
			defaultConfigurationName = Release;
		};
		6C476D6629EBD47900614EE5 /* Build configuration list for PBXNativeTarget "BeFakef1Tests" */ = {
			isa = XCConfigurationList;
			buildConfigurations = (
				6C476D6729EBD47900614EE5 /* Debug */,
				6C476D6829EBD47900614EE5 /* Release */,
			);
			defaultConfigurationIsVisible = 0;
			defaultConfigurationName = Release;
		};
		6C476D6929EBD47900614EE5 /* Build configuration list for PBXNativeTarget "BeFakef1UITests" */ = {
			isa = XCConfigurationList;
			buildConfigurations = (
				6C476D6A29EBD47900614EE5 /* Debug */,
				6C476D6B29EBD47900614EE5 /* Release */,
			);
			defaultConfigurationIsVisible = 0;
			defaultConfigurationName = Release;
		};
/* End XCConfigurationList section */

/* Begin XCRemoteSwiftPackageReference section */
		6C476D8829ECAC8B00614EE5 /* XCRemoteSwiftPackageReference "FirebaseUI-iOS" */ = {
			isa = XCRemoteSwiftPackageReference;
			repositoryURL = "https://github.com/firebase/FirebaseUI-iOS.git";
			requirement = {
				kind = exactVersion;
				version = 12.3.1;
			};
		};
		6C476DA229EDEDD700614EE5 /* XCRemoteSwiftPackageReference "SDWebImageSwiftUI" */ = {
			isa = XCRemoteSwiftPackageReference;
			repositoryURL = "https://github.com/SDWebImage/SDWebImageSwiftUI";
			requirement = {
				kind = upToNextMajorVersion;
				minimumVersion = 2.0.0;
			};
		};
		6C71BB9F2A04DC4A00C666C2 /* XCRemoteSwiftPackageReference "unsplash-photopicker-ios" */ = {
			isa = XCRemoteSwiftPackageReference;
			repositoryURL = "https://github.com/unsplash/unsplash-photopicker-ios.git";
			requirement = {
				kind = upToNextMajorVersion;
				minimumVersion = 1.0.0;
			};
		};
		CFB9889E2A135179000E9EA6 /* XCRemoteSwiftPackageReference "firebase-ios-sdk" */ = {
			isa = XCRemoteSwiftPackageReference;
			repositoryURL = "https://github.com/firebase/firebase-ios-sdk.git";
			requirement = {
				kind = upToNextMajorVersion;
				minimumVersion = 10.0.0;
			};
		};
/* End XCRemoteSwiftPackageReference section */

/* Begin XCSwiftPackageProductDependency section */
		6C476DA329EDEDD800614EE5 /* SDWebImageSwiftUI */ = {
			isa = XCSwiftPackageProductDependency;
			package = 6C476DA229EDEDD700614EE5 /* XCRemoteSwiftPackageReference "SDWebImageSwiftUI" */;
			productName = SDWebImageSwiftUI;
		};
		CFB9889F2A135179000E9EA6 /* FirebaseAuth */ = {
			isa = XCSwiftPackageProductDependency;
			package = CFB9889E2A135179000E9EA6 /* XCRemoteSwiftPackageReference "firebase-ios-sdk" */;
			productName = FirebaseAuth;
		};
		CFB988A12A135179000E9EA6 /* FirebaseFirestore */ = {
			isa = XCSwiftPackageProductDependency;
			package = CFB9889E2A135179000E9EA6 /* XCRemoteSwiftPackageReference "firebase-ios-sdk" */;
			productName = FirebaseFirestore;
		};
		CFB988A32A135179000E9EA6 /* FirebaseFirestoreSwift */ = {
			isa = XCSwiftPackageProductDependency;
			package = CFB9889E2A135179000E9EA6 /* XCRemoteSwiftPackageReference "firebase-ios-sdk" */;
			productName = FirebaseFirestoreSwift;
		};
		CFB988A52A135179000E9EA6 /* FirebaseStorage */ = {
			isa = XCSwiftPackageProductDependency;
			package = CFB9889E2A135179000E9EA6 /* XCRemoteSwiftPackageReference "firebase-ios-sdk" */;
			productName = FirebaseStorage;
		};
/* End XCSwiftPackageProductDependency section */
	};
	rootObject = 6C476D3729EBD47600614EE5 /* Project object */;
}
